
Microsoft Visual Studio Solution File, Format Version 12.00
# Visual Studio Version 16
VisualStudioVersion = 16.0.30011.22
MinimumVisualStudioVersion = 10.0.40219.1
Project("{2150E333-8FDC-42A3-9474-1A3956D46DE8}") = "Solution Items", "Solution Items", "{4A979903-92A2-4A32-A660-40C4FD8B38E2}"
	ProjectSection(SolutionItems) = preProject
		Readme.md = Readme.md
	EndProjectSection
EndProject
Project("{8BC9CEB8-8B4A-11D0-8D11-00A0C91BC942}") = "common", "common\common.vcxitems", "{51F79271-E831-4E06-96E4-E56F457C1347}"
EndProject
Project("{8BC9CEB8-8B4A-11D0-8D11-00A0C91BC942}") = "L1.Basic_Window", "L1.Basic_Window\L1.Basic_Window.vcxproj", "{AEFB7DCE-94DE-480B-B38E-E5970D76666B}"
EndProject
Project("{8BC9CEB8-8B4A-11D0-8D11-00A0C91BC942}") = "L2.Draw_Cube", "L2.Draw_Cube\L2.Draw_Cube.vcxproj", "{543713F2-0E9D-4E7F-8095-9762091380AD}"
EndProject
Project("{8BC9CEB8-8B4A-11D0-8D11-00A0C91BC942}") = "L3.Textured_Cube", "L3.Textured_Cube\L3.Textured_Cube.vcxproj", "{0881D2EA-6484-4C00-A159-3A2253E16C94}"
EndProject
Project("{8BC9CEB8-8B4A-11D0-8D11-00A0C91BC942}") = "L4.Direct2D", "L4.Direct2D\L4.Direct2D.vcxproj", "{8ED8D1B4-8EFC-4170-8A08-8FEDEC489A42}"
EndProject
Project("{8BC9CEB8-8B4A-11D0-8D11-00A0C91BC942}") = "L5.Lighting", "L5.Lighting\L5.Lighting.vcxproj", "{45E6990B-2407-4A81-ACB0-4C4CBBAF5388}"
EndProject
Global
	GlobalSection(SharedMSBuildProjectFiles) = preSolution
		common\common.vcxitems*{0881d2ea-6484-4c00-a159-3a2253e16c94}*SharedItemsImports = 4
		common\common.vcxitems*{45e6990b-2407-4a81-acb0-4c4cbbaf5388}*SharedItemsImports = 4
		common\common.vcxitems*{51f79271-e831-4e06-96e4-e56f457c1347}*SharedItemsImports = 9
		common\common.vcxitems*{543713f2-0e9d-4e7f-8095-9762091380ad}*SharedItemsImports = 4
		common\common.vcxitems*{8ed8d1b4-8efc-4170-8a08-8fedec489a42}*SharedItemsImports = 4
		common\common.vcxitems*{aefb7dce-94de-480b-b38e-e5970d76666b}*SharedItemsImports = 4
	EndGlobalSection
	GlobalSection(SolutionConfigurationPlatforms) = preSolution
		Debug|x64 = Debug|x64
		Release|x64 = Release|x64
	EndGlobalSection
	GlobalSection(ProjectConfigurationPlatforms) = postSolution
		{AEFB7DCE-94DE-480B-B38E-E5970D76666B}.Debug|x64.ActiveCfg = Debug|x64
		{AEFB7DCE-94DE-480B-B38E-E5970D76666B}.Debug|x64.Build.0 = Debug|x64
		{AEFB7DCE-94DE-480B-B38E-E5970D76666B}.Release|x64.ActiveCfg = Release|x64
		{AEFB7DCE-94DE-480B-B38E-E5970D76666B}.Release|x64.Build.0 = Release|x64
		{543713F2-0E9D-4E7F-8095-9762091380AD}.Debug|x64.ActiveCfg = Debug|x64
		{543713F2-0E9D-4E7F-8095-9762091380AD}.Debug|x64.Build.0 = Debug|x64
		{543713F2-0E9D-4E7F-8095-9762091380AD}.Release|x64.ActiveCfg = Release|x64
		{543713F2-0E9D-4E7F-8095-9762091380AD}.Release|x64.Build.0 = Release|x64
		{0881D2EA-6484-4C00-A159-3A2253E16C94}.Debug|x64.ActiveCfg = Debug|x64
		{0881D2EA-6484-4C00-A159-3A2253E16C94}.Debug|x64.Build.0 = Debug|x64
		{0881D2EA-6484-4C00-A159-3A2253E16C94}.Release|x64.ActiveCfg = Release|x64
		{0881D2EA-6484-4C00-A159-3A2253E16C94}.Release|x64.Build.0 = Release|x64
		{8ED8D1B4-8EFC-4170-8A08-8FEDEC489A42}.Debug|x64.ActiveCfg = Debug|x64
		{8ED8D1B4-8EFC-4170-8A08-8FEDEC489A42}.Debug|x64.Build.0 = Debug|x64
		{8ED8D1B4-8EFC-4170-8A08-8FEDEC489A42}.Release|x64.ActiveCfg = Release|x64
		{8ED8D1B4-8EFC-4170-8A08-8FEDEC489A42}.Release|x64.Build.0 = Release|x64
		{45E6990B-2407-4A81-ACB0-4C4CBBAF5388}.Debug|x64.ActiveCfg = Debug|x64
		{45E6990B-2407-4A81-ACB0-4C4CBBAF5388}.Debug|x64.Build.0 = Debug|x64
		{45E6990B-2407-4A81-ACB0-4C4CBBAF5388}.Release|x64.ActiveCfg = Release|x64
		{45E6990B-2407-4A81-ACB0-4C4CBBAF5388}.Release|x64.Build.0 = Release|x64
	EndGlobalSection
	GlobalSection(SolutionProperties) = preSolution
		HideSolutionNode = FALSE
	EndGlobalSection
	GlobalSection(ExtensibilityGlobals) = postSolution
		SolutionGuid = {80E28B6A-8E5B-4079-9ACC-9D0DBE897F4F}
	EndGlobalSection
EndGlobal
